
Microsoft Visual Studio Solution File, Format Version 12.00
# Visual Studio Version 17
VisualStudioVersion = 17.13.35825.156
MinimumVisualStudioVersion = 10.0.40219.1
Project("{2150E333-8FDC-42A3-9474-1A3956D46DE8}") = "Services", "Services", "{02EA681E-C7D8-13C7-8484-4AC65E1B71E8}"
EndProject
Project("{2150E333-8FDC-42A3-9474-1A3956D46DE8}") = "Contact", "Contact", "{19D42EC5-3BB6-4075-BEEC-EF22A45269B8}"
EndProject
Project("{FAE04EC0-301F-11D3-BF4B-00C04F79EFBC}") = "Contact.API", "Services\Contact\Contact.API\Contact.API.csproj", "{2E25344C-5471-496F-82F0-2A9174544233}"
EndProject
Project("{2150E333-8FDC-42A3-9474-1A3956D46DE8}") = "BuildingBlocks", "BuildingBlocks", "{E52D971C-6359-46E8-B543-D1F830DFD340}"
EndProject
Project("{FAE04EC0-301F-11D3-BF4B-00C04F79EFBC}") = "BuildingBlocks", "BuildingBlocks\BuildingBlocks\BuildingBlocks.csproj", "{7A342918-463B-4030-A3F2-005BBDC70501}"
EndProject
Project("{FAE04EC0-301F-11D3-BF4B-00C04F79EFBC}") = "BuildingBlocks.Messaging", "BuildingBlocks\BuildingBlocks.Messaging\BuildingBlocks.Messaging.csproj", "{617E2EC0-5E57-47BC-937C-99FFB1F4D8E4}"
EndProject
Project("{E53339B2-1760-4266-BCC7-CA923CBCF16C}") = "docker-compose", "docker-compose.dcproj", "{81DDED9D-158B-E303-5F62-77A2896D2A5A}"
EndProject
Project("{2150E333-8FDC-42A3-9474-1A3956D46DE8}") = "ContactPersistence", "ContactPersistence", "{E2BFE6F2-0C74-4127-A4A4-E3F7990DCFB4}"
EndProject
Project("{FAE04EC0-301F-11D3-BF4B-00C04F79EFBC}") = "ContactPersistency.API", "Services\ContactPersistency\ContactPersistency.API\ContactPersistency.API.csproj", "{7F238D87-FDCD-498C-B0FB-D87EDA96C8D2}"
EndProject
Project("{FAE04EC0-301F-11D3-BF4B-00C04F79EFBC}") = "ContactPersistence.Application", "Services\ContactPersistency\ContactPersistence.Application\ContactPersistence.Application.csproj", "{8ACAA6D0-AD5C-473F-A561-B1BEBBB3D883}"
EndProject
Project("{FAE04EC0-301F-11D3-BF4B-00C04F79EFBC}") = "ContactPersistence.Domain", "Services\ContactPersistency\ContactPersistence.Domain\ContactPersistence.Domain.csproj", "{EC94E08B-A0A2-4341-BFFA-F54CEFC4991E}"
EndProject
Project("{FAE04EC0-301F-11D3-BF4B-00C04F79EFBC}") = "ContactPersistence.Infrastructure", "Services\ContactPersistency\ContactPersistence.Infrastructure\ContactPersistence.Infrastructure.csproj", "{866450F6-42DF-442C-B660-3918ADB800E2}"
EndProject
Project("{2150E333-8FDC-42A3-9474-1A3956D46DE8}") = "Tests", "Tests", "{4D6B8376-321E-4A9F-B65F-26367CBE8040}"
EndProject
Project("{FAE04EC0-301F-11D3-BF4B-00C04F79EFBC}") = "ContactPersistency.Domain.Tests", "Services\ContactPersistency\Tests\ContactPersistency.Domain.Tests\ContactPersistency.Domain.Tests.csproj", "{93ABD0F0-1093-47EF-8573-16C314FC255B}"
EndProject
Project("{FAE04EC0-301F-11D3-BF4B-00C04F79EFBC}") = "ContactPersistency.Application.Tests", "Services\ContactPersistency\Tests\ContactPersistency.Application.Tests\ContactPersistency.Application.Tests.csproj", "{51A24669-B8D6-42A0-BAF5-42DE7D462FD6}"
EndProject
Global
	GlobalSection(SolutionConfigurationPlatforms) = preSolution
		Debug|Any CPU = Debug|Any CPU
		Release|Any CPU = Release|Any CPU
	EndGlobalSection
	GlobalSection(ProjectConfigurationPlatforms) = postSolution
		{2E25344C-5471-496F-82F0-2A9174544233}.Debug|Any CPU.ActiveCfg = Debug|Any CPU
		{2E25344C-5471-496F-82F0-2A9174544233}.Debug|Any CPU.Build.0 = Debug|Any CPU
		{2E25344C-5471-496F-82F0-2A9174544233}.Release|Any CPU.ActiveCfg = Release|Any CPU
		{2E25344C-5471-496F-82F0-2A9174544233}.Release|Any CPU.Build.0 = Release|Any CPU
		{7A342918-463B-4030-A3F2-005BBDC70501}.Debug|Any CPU.ActiveCfg = Debug|Any CPU
		{7A342918-463B-4030-A3F2-005BBDC70501}.Debug|Any CPU.Build.0 = Debug|Any CPU
		{7A342918-463B-4030-A3F2-005BBDC70501}.Release|Any CPU.ActiveCfg = Release|Any CPU
		{7A342918-463B-4030-A3F2-005BBDC70501}.Release|Any CPU.Build.0 = Release|Any CPU
		{617E2EC0-5E57-47BC-937C-99FFB1F4D8E4}.Debug|Any CPU.ActiveCfg = Debug|Any CPU
		{617E2EC0-5E57-47BC-937C-99FFB1F4D8E4}.Debug|Any CPU.Build.0 = Debug|Any CPU
		{617E2EC0-5E57-47BC-937C-99FFB1F4D8E4}.Release|Any CPU.ActiveCfg = Release|Any CPU
		{617E2EC0-5E57-47BC-937C-99FFB1F4D8E4}.Release|Any CPU.Build.0 = Release|Any CPU
		{81DDED9D-158B-E303-5F62-77A2896D2A5A}.Debug|Any CPU.ActiveCfg = Debug|Any CPU
		{81DDED9D-158B-E303-5F62-77A2896D2A5A}.Debug|Any CPU.Build.0 = Debug|Any CPU
		{81DDED9D-158B-E303-5F62-77A2896D2A5A}.Release|Any CPU.ActiveCfg = Release|Any CPU
		{81DDED9D-158B-E303-5F62-77A2896D2A5A}.Release|Any CPU.Build.0 = Release|Any CPU
		{7F238D87-FDCD-498C-B0FB-D87EDA96C8D2}.Debug|Any CPU.ActiveCfg = Debug|Any CPU
		{7F238D87-FDCD-498C-B0FB-D87EDA96C8D2}.Debug|Any CPU.Build.0 = Debug|Any CPU
		{7F238D87-FDCD-498C-B0FB-D87EDA96C8D2}.Release|Any CPU.ActiveCfg = Release|Any CPU
		{7F238D87-FDCD-498C-B0FB-D87EDA96C8D2}.Release|Any CPU.Build.0 = Release|Any CPU
		{8ACAA6D0-AD5C-473F-A561-B1BEBBB3D883}.Debug|Any CPU.ActiveCfg = Debug|Any CPU
		{8ACAA6D0-AD5C-473F-A561-B1BEBBB3D883}.Debug|Any CPU.Build.0 = Debug|Any CPU
		{8ACAA6D0-AD5C-473F-A561-B1BEBBB3D883}.Release|Any CPU.ActiveCfg = Release|Any CPU
		{8ACAA6D0-AD5C-473F-A561-B1BEBBB3D883}.Release|Any CPU.Build.0 = Release|Any CPU
		{EC94E08B-A0A2-4341-BFFA-F54CEFC4991E}.Debug|Any CPU.ActiveCfg = Debug|Any CPU
		{EC94E08B-A0A2-4341-BFFA-F54CEFC4991E}.Debug|Any CPU.Build.0 = Debug|Any CPU
		{EC94E08B-A0A2-4341-BFFA-F54CEFC4991E}.Release|Any CPU.ActiveCfg = Release|Any CPU
		{EC94E08B-A0A2-4341-BFFA-F54CEFC4991E}.Release|Any CPU.Build.0 = Release|Any CPU
		{866450F6-42DF-442C-B660-3918ADB800E2}.Debug|Any CPU.ActiveCfg = Debug|Any CPU
		{866450F6-42DF-442C-B660-3918ADB800E2}.Debug|Any CPU.Build.0 = Debug|Any CPU
		{866450F6-42DF-442C-B660-3918ADB800E2}.Release|Any CPU.ActiveCfg = Release|Any CPU
		{866450F6-42DF-442C-B660-3918ADB800E2}.Release|Any CPU.Build.0 = Release|Any CPU
		{93ABD0F0-1093-47EF-8573-16C314FC255B}.Debug|Any CPU.ActiveCfg = Debug|Any CPU
		{93ABD0F0-1093-47EF-8573-16C314FC255B}.Debug|Any CPU.Build.0 = Debug|Any CPU
		{93ABD0F0-1093-47EF-8573-16C314FC255B}.Release|Any CPU.ActiveCfg = Release|Any CPU
		{93ABD0F0-1093-47EF-8573-16C314FC255B}.Release|Any CPU.Build.0 = Release|Any CPU
		{51A24669-B8D6-42A0-BAF5-42DE7D462FD6}.Debug|Any CPU.ActiveCfg = Debug|Any CPU
		{51A24669-B8D6-42A0-BAF5-42DE7D462FD6}.Debug|Any CPU.Build.0 = Debug|Any CPU
		{51A24669-B8D6-42A0-BAF5-42DE7D462FD6}.Release|Any CPU.ActiveCfg = Release|Any CPU
		{51A24669-B8D6-42A0-BAF5-42DE7D462FD6}.Release|Any CPU.Build.0 = Release|Any CPU
	EndGlobalSection
	GlobalSection(SolutionProperties) = preSolution
		HideSolutionNode = FALSE
	EndGlobalSection
	GlobalSection(NestedProjects) = preSolution
		{19D42EC5-3BB6-4075-BEEC-EF22A45269B8} = {02EA681E-C7D8-13C7-8484-4AC65E1B71E8}
		{2E25344C-5471-496F-82F0-2A9174544233} = {19D42EC5-3BB6-4075-BEEC-EF22A45269B8}
		{7A342918-463B-4030-A3F2-005BBDC70501} = {E52D971C-6359-46E8-B543-D1F830DFD340}
		{617E2EC0-5E57-47BC-937C-99FFB1F4D8E4} = {E52D971C-6359-46E8-B543-D1F830DFD340}
		{E2BFE6F2-0C74-4127-A4A4-E3F7990DCFB4} = {02EA681E-C7D8-13C7-8484-4AC65E1B71E8}
		{7F238D87-FDCD-498C-B0FB-D87EDA96C8D2} = {E2BFE6F2-0C74-4127-A4A4-E3F7990DCFB4}
		{8ACAA6D0-AD5C-473F-A561-B1BEBBB3D883} = {E2BFE6F2-0C74-4127-A4A4-E3F7990DCFB4}
		{EC94E08B-A0A2-4341-BFFA-F54CEFC4991E} = {E2BFE6F2-0C74-4127-A4A4-E3F7990DCFB4}
		{866450F6-42DF-442C-B660-3918ADB800E2} = {E2BFE6F2-0C74-4127-A4A4-E3F7990DCFB4}
		{4D6B8376-321E-4A9F-B65F-26367CBE8040} = {E2BFE6F2-0C74-4127-A4A4-E3F7990DCFB4}
		{93ABD0F0-1093-47EF-8573-16C314FC255B} = {4D6B8376-321E-4A9F-B65F-26367CBE8040}
		{51A24669-B8D6-42A0-BAF5-42DE7D462FD6} = {4D6B8376-321E-4A9F-B65F-26367CBE8040}
	EndGlobalSection
	GlobalSection(ExtensibilityGlobals) = postSolution
		SolutionGuid = {B560DBF6-1BF2-4545-B4CD-EDC7F972C60B}
	EndGlobalSection
EndGlobal
